
Microsoft Visual Studio Solution File, Format Version 11.00
# Visual C++ Express 2010
Project("{8BC9CEB8-8B4A-11D0-8D11-00A0C91BC942}") = "ut-rnet", "ut-rnet.vcxproj", "{8DC92296-2B56-4B93-9A74-EB7486F64E2E}"
EndProject
Global
	GlobalSection(SolutionConfigurationPlatforms) = preSolution
		Debug|Win32 = Debug|Win32
		Release|Win32 = Release|Win32
	EndGlobalSection
	GlobalSection(ProjectConfigurationPlatforms) = postSolution
		{8DC92296-2B56-4B93-9A74-EB7486F64E2E}.Debug|Win32.ActiveCfg = Debug|Win32
		{8DC92296-2B56-4B93-9A74-EB7486F64E2E}.Debug|Win32.Build.0 = Debug|Win32
		{8DC92296-2B56-4B93-9A74-EB7486F64E2E}.Release|Win32.ActiveCfg = Release|Win32
		{8DC92296-2B56-4B93-9A74-EB7486F64E2E}.Release|Win32.Build.0 = Release|Win32
	EndGlobalSection
	GlobalSection(SolutionProperties) = preSolution
		HideSolutionNode = FALSE
	EndGlobalSection
EndGlobal
